{
  "name": "blockchain-ecommerce-app",
  "version": "1.0.0",
  "lockfileVersion": 1,
  "requires": true,
  "dependencies": {
    "@openzeppelin/contracts": {
      "version": "3.2.0",
      "resolved": "https://registry.npmjs.org/@openzeppelin/contracts/-/contracts-3.2.0.tgz",
      "integrity": "sha512-bUOmkSoPkjnUyMiKo6RYnb0VHBk5D9KKDAgNLzF41aqAM3TeE0yGdFF5dVRcV60pZdJLlyFT/jjXIZCWyyEzAQ=="
    },
    "@next/swc-darwin-arm64": {
      "version": "14.2.15",
      "resolved": "https://registry.npmjs.org/@next/swc-darwin-arm64/-/swc-darwin-arm64-14.2.15.tgz",
      "integrity": "sha512-Rvh7KU9hOUBnZ9TJ28n2Oa7dD9cvDBKua9IKx7cfQQ0GoYUwg9ig31O2oMwH3wm+pE3IkAQ67ZobPfEgurPZIA==",
      "optional": true
    },
    "@next/swc-darwin-x64": {
      "version": "14.2.15",
      "resolved": "https://registry.npmjs.org/@next/swc-darwin-x64/-/swc-darwin-x64-14.2.15.tgz",
      "integrity": "sha512-5TGyjFcf8ampZP3e+FyCax5zFVHi+Oe7sZyaKOngsqyaNEpOgkKB3sqmymkZfowy3ufGA/tUgDPPxpQx931lHg==",
      "optional": true
    },
    "@next/swc-linux-arm64-gnu": {
      "version": "14.2.15",
      "resolved": "https://registry.npmjs.org/@next/swc-linux-arm64-gnu/-/swc-linux-arm64-gnu-14.2.15.tgz",
      "integrity": "sha512-3Bwv4oc08ONiQ3FiOLKT72Q+ndEMyLNsc/D3qnLMbtUYTQAmkx9E/JRu0DBpHxNddBmNT5hxz1mYBphJ3mfrrw==",
      "optional": true
    },
    "@next/swc-linux-arm64-musl": {
      "version": "14.2.15",
      "resolved": "https://registry.npmjs.org/@next/swc-linux-arm64-musl/-/swc-linux-arm64-musl-14.2.15.tgz",
      "integrity": "sha512-k5xf/tg1FBv/M4CMd8S+JL3uV9BnnRmoe7F+GWC3DxkTCD9aewFRH1s5rJ1zkzDa+Do4zyN8qD0N8c84Hu96FQ==",
      "optional": true
    },
    "@next/swc-linux-x64-gnu": {
      "version": "14.2.15",
      "resolved": "https://registry.npmjs.org/@next/swc-linux-x64-gnu/-/swc-linux-x64-gnu-14.2.15.tgz",
      "integrity": "sha512-kE6q38hbrRbKEkkVn62reLXhThLRh6/TvgSP56GkFNhU22TbIrQDEMrO7j0IcQHcew2wfykq8lZyHFabz0oBrA==",
      "optional": true
    },
    "@next/swc-linux-x64-musl": {
      "version": "14.2.15",
      "resolved": "https://registry.npmjs.org/@next/swc-linux-x64-musl/-/swc-linux-x64-musl-14.2.15.tgz",
      "integrity": "sha512-PZ5YE9ouy/IdO7QVJeIcyLn/Rc4ml9M2G4y3kCM9MNf1YKvFY4heg3pVa/jQbMro+tP6yc4G2o9LjAz1zxD7tQ==",
      "optional": true
    },
    "@next/swc-win32-arm64-msvc": {
      "version": "14.2.15",
      "resolved": "https://registry.npmjs.org/@next/swc-win32-arm64-msvc/-/swc-win32-arm64-msvc-14.2.15.tgz",
      "integrity": "sha512-2raR16703kBvYEQD9HNLyb0/394yfqzmIeyp2nDzcPV4yPjqNUG3ohX6jX00WryXz6s1FXpVhsCo3i+g4RUX+g==",
      "optional": true
    },
    "@next/swc-win32-ia32-msvc": {
      "version": "14.2.15",
      "resolved": "https://registry.npmjs.org/@next/swc-win32-ia32-msvc/-/swc-win32-ia32-msvc-14.2.15.tgz",
      "integrity": "sha512-fyTE8cklgkyR1p03kJa5zXEaZ9El+kDNM5A+66+8evQS5e/6v0Gk28LqA0Jet8gKSOyP+OTm/tJHzMlGdQerdQ==",
      "optional": true
    },
    "@next/swc-win32-x64-msvc": {
      "version": "14.2.15",
      "resolved": "https://registry.npmjs.org/@next/swc-win32-x64-msvc/-/swc-win32-x64-msvc-14.2.15.tgz",
      "integrity": "sha512-SzqGbsLsP9OwKNUG9nekShTwhj6JSB9ZLMWQ8g1gG6hdE5gQLncbnbymrwy2yVmH9nikSLYRYxYMFu78Ggp7/g==",
      "optional": true
    }
  }
}
